// !$*UTF8*$!
{
	archiveVersion = 1;
	classes = {
	};
	objectVersion = 77;
	objects = {

/* Begin PBXBuildFile section */
		5EFC67422EF232F7007ADC03 /* AsyncAlgorithms in Frameworks */ = {isa = PBXBuildFile; productRef = 5E5365482EEB117900B2C59B /* AsyncAlgorithms */; };
/* End PBXBuildFile section */

/* Begin PBXCopyFilesBuildPhase section */
		5E61682F2EF1CC100008FB42 /* Copy Files */ = {
			isa = PBXCopyFilesBuildPhase;
			buildActionMask = 2147483647;
			dstPath = ThirdParty/FFmpeg;
			dstSubfolderSpec = 6;
			files = (
			);
			name = "Copy Files";
			runOnlyForDeploymentPostprocessing = 0;
		};
		5EFC673E2EF2240B007ADC03 /* Embed Libraries */ = {
			isa = PBXCopyFilesBuildPhase;
			buildActionMask = 2147483647;
			dstPath = "";
			dstSubfolderSpec = 10;
			files = (
			);
			name = "Embed Libraries";
			runOnlyForDeploymentPostprocessing = 0;
		};
		5EFC68042EF24B3D007ADC03 /* CopyFiles */ = {
			isa = PBXCopyFilesBuildPhase;
			buildActionMask = 2147483647;
			dstPath = "";
			dstSubfolderSpec = 7;
			files = (
			);
			runOnlyForDeploymentPostprocessing = 0;
		};
/* End PBXCopyFilesBuildPhase section */

/* Begin PBXFileReference section */
		5E6168322EF1CC540008FB42 /* myUpscaler.app */ = {isa = PBXFileReference; explicitFileType = wrapper.application; includeInIndex = 0; path = myUpscaler.app; sourceTree = BUILT_PRODUCTS_DIR; };
		5E6259532EE81EC9004D8958 /* myUpscaler.xctestplan */ = {isa = PBXFileReference; lastKnownFileType = text; path = myUpscaler.xctestplan; sourceTree = "<group>"; };
/* End PBXFileReference section */

/* Begin PBXFileSystemSynchronizedBuildFileExceptionSet section */
		5E23E7C82ED9B256008298B2 /* Exceptions for "myUpscaler" folder in "myUpscaler" target */ = {
			isa = PBXFileSystemSynchronizedBuildFileExceptionSet;
			membershipExceptions = (
				Info.plist,
				upscaler/CoreML_README.md,
				upscaler/filters/README.md,
				upscaler/models/RealESRGAN_x2.mlpackage,
				upscaler/models/RealESRGAN_x4.mlpackage,
				upscaler/models/RealESRGAN_x8.mlpackage,
			);
			target = 5E23E5052ED9AB0B008298B2 /* myUpscaler */;
		};
		5EFC66EF2EF1FF31007ADC03 /* Exceptions for "ThirdParty" folder in "myUpscaler" target */ = {
			isa = PBXFileSystemSynchronizedBuildFileExceptionSet;
			membershipExceptions = (
				FFMPEG/ffmpeg,
			);
			target = 5E23E5052ED9AB0B008298B2 /* myUpscaler */;
		};
/* End PBXFileSystemSynchronizedBuildFileExceptionSet section */

/* Begin PBXFileSystemSynchronizedGroupBuildPhaseMembershipExceptionSet section */
		5E625D4D2EE872B1004D8958 /* Exceptions for "myUpscaler" folder in "Copy Bundle Resources" phase from "myUpscaler" target */ = {
			isa = PBXFileSystemSynchronizedGroupBuildPhaseMembershipExceptionSet;
			buildPhase = 5E23E5042ED9AB0B008298B2 /* Resources */;
			membershipExceptions = (
				upscaler/models/RealESRGAN_x2.mlpackage,
				upscaler/models/RealESRGAN_x4.mlpackage,
				upscaler/models/RealESRGAN_x8.mlpackage,
			);
		};
		5EFC66ED2EF1F7E1007ADC03 /* Exceptions for "ThirdParty" folder in "Copy Files" phase from "myUpscaler" target */ = {
			isa = PBXFileSystemSynchronizedGroupBuildPhaseMembershipExceptionSet;
			attributesByRelativePath = {
				FFMPEG/ffmpeg = (CodeSignOnCopy, );
			};
			buildPhase = 5E61682F2EF1CC100008FB42 /* Copy Files */;
			membershipExceptions = (
				FFMPEG/ffmpeg,
			);
		};
		5EFC673F2EF2240B007ADC03 /* Exceptions for "ThirdParty" folder in "Embed Libraries" phase from "myUpscaler" target */ = {
			isa = PBXFileSystemSynchronizedGroupBuildPhaseMembershipExceptionSet;
			attributesByRelativePath = {
				libavcodec.62.23.101.dylib = (CodeSignOnCopy, );
				libavcodec.62.dylib = (CodeSignOnCopy, );
				libavcodec.dylib = (CodeSignOnCopy, );
				libavfilter.11.10.101.dylib = (CodeSignOnCopy, );
				libavfilter.11.dylib = (CodeSignOnCopy, );
				libavfilter.dylib = (CodeSignOnCopy, );
				libavformat.62.8.100.dylib = (CodeSignOnCopy, );
				libavformat.62.dylib = (CodeSignOnCopy, );
				libavformat.dylib = (CodeSignOnCopy, );
				libavutil.60.20.100.dylib = (CodeSignOnCopy, );
				libavutil.60.dylib = (CodeSignOnCopy, );
				libavutil.dylib = (CodeSignOnCopy, );
				libswresample.6.2.100.dylib = (CodeSignOnCopy, );
				libswresample.6.dylib = (CodeSignOnCopy, );
				libswresample.dylib = (CodeSignOnCopy, );
				libswscale.9.3.100.dylib = (CodeSignOnCopy, );
				libswscale.9.dylib = (CodeSignOnCopy, );
				libswscale.dylib = (CodeSignOnCopy, );
			};
			buildPhase = 5EFC673E2EF2240B007ADC03 /* Embed Libraries */;
			membershipExceptions = (
				libavcodec.62.23.101.dylib,
				libavcodec.62.dylib,
				libavcodec.dylib,
				libavfilter.11.10.101.dylib,
				libavfilter.11.dylib,
				libavfilter.dylib,
				libavformat.62.8.100.dylib,
				libavformat.62.dylib,
				libavformat.dylib,
				libavutil.60.20.100.dylib,
				libavutil.60.dylib,
				libavutil.dylib,
				libswresample.6.2.100.dylib,
				libswresample.6.dylib,
				libswresample.dylib,
				libswscale.9.3.100.dylib,
				libswscale.9.dylib,
				libswscale.dylib,
			);
		};
		5EFC68062EF24B59007ADC03 /* Exceptions for "ThirdParty" folder in "Copy Files" phase from "myUpscaler" target */ = {
			isa = PBXFileSystemSynchronizedGroupBuildPhaseMembershipExceptionSet;
			attributesByRelativePath = {
				FFMPEG/ffmpeg = (CodeSignOnCopy, );
			};
			buildPhase = 5EFC68042EF24B3D007ADC03 /* CopyFiles */;
			membershipExceptions = (
				FFMPEG/ffmpeg,
			);
		};
/* End PBXFileSystemSynchronizedGroupBuildPhaseMembershipExceptionSet section */

/* Begin PBXFileSystemSynchronizedRootGroup section */
		5E23E5082ED9AB0B008298B2 /* myUpscaler */ = {
			isa = PBXFileSystemSynchronizedRootGroup;
			exceptions = (
				5E23E7C82ED9B256008298B2 /* Exceptions for "myUpscaler" folder in "myUpscaler" target */,
				5E625D4D2EE872B1004D8958 /* Exceptions for "myUpscaler" folder in "Copy Bundle Resources" phase from "myUpscaler" target */,
			);
			path = myUpscaler;
			sourceTree = "<group>";
		};
		5E23E5162ED9AB0C008298B2 /* myUpscalerTests */ = {
			isa = PBXFileSystemSynchronizedRootGroup;
			path = myUpscalerTests;
			sourceTree = "<group>";
		};
		5E23E5202ED9AB0C008298B2 /* myUpscalerUITests */ = {
			isa = PBXFileSystemSynchronizedRootGroup;
			path = myUpscalerUITests;
			sourceTree = "<group>";
		};
		5E6167E82EF1C96F0008FB42 /* ThirdParty */ = {
			isa = PBXFileSystemSynchronizedRootGroup;
			exceptions = (
				5EFC66EF2EF1FF31007ADC03 /* Exceptions for "ThirdParty" folder in "myUpscaler" target */,
				5EFC66ED2EF1F7E1007ADC03 /* Exceptions for "ThirdParty" folder in "Copy Files" phase from "myUpscaler" target */,
				5EFC673F2EF2240B007ADC03 /* Exceptions for "ThirdParty" folder in "Embed Libraries" phase from "myUpscaler" target */,
				5EFC68062EF24B59007ADC03 /* Exceptions for "ThirdParty" folder in "Copy Files" phase from "myUpscaler" target */,
			);
			path = ThirdParty;
			sourceTree = "<group>";
		};
/* End PBXFileSystemSynchronizedRootGroup section */

/* Begin PBXFrameworksBuildPhase section */
		5E23E5032ED9AB0B008298B2 /* Frameworks */ = {
			isa = PBXFrameworksBuildPhase;
			buildActionMask = 2147483647;
			files = (
				5EFC67422EF232F7007ADC03 /* AsyncAlgorithms in Frameworks */,
			);
			runOnlyForDeploymentPostprocessing = 0;
		};
/* End PBXFrameworksBuildPhase section */

/* Begin PBXGroup section */
		5E23E4FD2ED9AB0B008298B2 = {
			isa = PBXGroup;
			children = (
				5E6259532EE81EC9004D8958 /* myUpscaler.xctestplan */,
				5E23E5082ED9AB0B008298B2 /* myUpscaler */,
				5E23E5162ED9AB0C008298B2 /* myUpscalerTests */,
				5E23E5202ED9AB0C008298B2 /* myUpscalerUITests */,
				5E6167E82EF1C96F0008FB42 /* ThirdParty */,
				5E6168012EF1CA700008FB42 /* Frameworks */,
				5E6168322EF1CC540008FB42 /* myUpscaler.app */,
			);
			sourceTree = "<group>";
		};
		5E6168012EF1CA700008FB42 /* Frameworks */ = {
			isa = PBXGroup;
			children = (
			);
			name = Frameworks;
			sourceTree = "<group>";
		};
/* End PBXGroup section */

/* Begin PBXNativeTarget section */
		5E23E5052ED9AB0B008298B2 /* myUpscaler */ = {
			isa = PBXNativeTarget;
			buildConfigurationList = 5E23E5272ED9AB0C008298B2 /* Build configuration list for PBXNativeTarget "myUpscaler" */;
			buildPhases = (
				5E23E5022ED9AB0B008298B2 /* Sources */,
				5E23E5032ED9AB0B008298B2 /* Frameworks */,
				5E23E5042ED9AB0B008298B2 /* Resources */,
				5E61682F2EF1CC100008FB42 /* Copy Files */,
				5EFC66EE2EF1FDEC007ADC03 /* ShellScript */,
				5EFC673E2EF2240B007ADC03 /* Embed Libraries */,
				5EFC68042EF24B3D007ADC03 /* CopyFiles */,
			);
			buildRules = (
			);
			dependencies = (
			);
			fileSystemSynchronizedGroups = (
				5E23E5082ED9AB0B008298B2 /* myUpscaler */,
				5E6167E82EF1C96F0008FB42 /* ThirdParty */,
			);
			name = myUpscaler;
			packageProductDependencies = (
				5E5365482EEB117900B2C59B /* AsyncAlgorithms */,
			);
			productName = myUpscaler;
			productReference = 5E6168322EF1CC540008FB42 /* myUpscaler.app */;
			productType = "com.apple.product-type.application";
		};
/* End PBXNativeTarget section */

/* Begin PBXProject section */
		5E23E4FE2ED9AB0B008298B2 /* Project object */ = {
			isa = PBXProject;
			attributes = {
				BuildIndependentTargetsInParallel = 1;
				LastSwiftUpdateCheck = 2610;
				LastUpgradeCheck = 2610;
				TargetAttributes = {
					5E23E5052ED9AB0B008298B2 = {
						CreatedOnToolsVersion = 26.1.1;
					};
				};
			};
			buildConfigurationList = 5E23E5012ED9AB0B008298B2 /* Build configuration list for PBXProject "myUpscaler" */;
			developmentRegion = en;
			hasScannedForEncodings = 0;
			knownRegions = (
				en,
			);
			mainGroup = 5E23E4FD2ED9AB0B008298B2;
			minimizedProjectReferenceProxies = 1;
			packageReferences = (
				5E5365472EEB117900B2C59B /* XCRemoteSwiftPackageReference "swift-async-algorithms" */,
			);
			preferredProjectObjectVersion = 77;
			productRefGroup = 5E23E4FD2ED9AB0B008298B2;
			projectDirPath = "";
			projectRoot = "";
			targets = (
				5E23E5052ED9AB0B008298B2 /* myUpscaler */,
			);
		};
/* End PBXProject section */

/* Begin PBXResourcesBuildPhase section */
		5E23E5042ED9AB0B008298B2 /* Resources */ = {
			isa = PBXResourcesBuildPhase;
			buildActionMask = 2147483647;
			files = (
			);
			runOnlyForDeploymentPostprocessing = 0;
		};
/* End PBXResourcesBuildPhase section */

/* Begin PBXShellScriptBuildPhase section */
		5EFC66EE2EF1FDEC007ADC03 /* ShellScript */ = {
			isa = PBXShellScriptBuildPhase;
			buildActionMask = 2147483647;
			files = (
			);
			inputFileListPaths = (
			);
			inputPaths = (
			);
			outputFileListPaths = (
			);
			outputPaths = (
			);
			runOnlyForDeploymentPostprocessing = 0;
			shellPath = /bin/sh;
			shellScript = "#!/bin/sh\n\nFFMPEG=\"$TARGET_BUILD_DIR/$CONTENTS_FOLDER_PATH/MacOS/ThirdParty/FFmpeg/ffmpeg\"\nFRAMEWORKS_DIR=\"$TARGET_BUILD_DIR/$CONTENTS_FOLDER_PATH/Frameworks\"\n\n# Always succeed unless we explicitly decide otherwise\nEXIT_CODE=0\n\n# ffmpeg must exist\nif [ ! -f \"$FFMPEG\" ]; then\n  echo \"ffmpeg not found — skipping\"\n  exit 0\nfi\n\n# ---- Remove known rpaths (ignore failures) ----\n/usr/bin/install_name_tool -delete_rpath \"@executable_path/../Frameworks\" \"$FFMPEG\" 2>/dev/null || true\n/usr/bin/install_name_tool -delete_rpath \"@executable_path/../../../Frameworks\" \"$FFMPEG\" 2>/dev/null || true\n/usr/bin/install_name_tool -delete_rpath \"@loader_path/../Frameworks\" \"$FFMPEG\" 2>/dev/null || true\n\n# ---- Add rpath only if missing ----\nif ! /usr/bin/otool -l \"$FFMPEG\" | grep -q \"@executable_path/../../Frameworks\"; then\n  /usr/bin/install_name_tool -add_rpath \"@executable_path/../../Frameworks\" \"$FFMPEG\" || EXIT_CODE=1\nfi\n\n# ---- Codesign ffmpeg ----\nif [ -n \"$EXPANDED_CODE_SIGN_IDENTITY\" ]; then\n  /usr/bin/codesign --force --options runtime \\\n    --sign \"$EXPANDED_CODE_SIGN_IDENTITY\" \\\n    \"$FFMPEG\" || EXIT_CODE=1\nfi\n\n# ---- Codesign dylibs only if they exist ----\nif ls \"$FRAMEWORKS_DIR\"/*.dylib >/dev/null 2>&1; then\n  for dylib in \"$FRAMEWORKS_DIR\"/*.dylib; do\n    /usr/bin/codesign --force --options runtime \\\n      --sign \"$EXPANDED_CODE_SIGN_IDENTITY\" \\\n      \"$dylib\" || EXIT_CODE=1\n  done\nfi\n\nexit $EXIT_CODE\n";
		};
/* End PBXShellScriptBuildPhase section */

/* Begin PBXSourcesBuildPhase section */
		5E23E5022ED9AB0B008298B2 /* Sources */ = {
			isa = PBXSourcesBuildPhase;
			buildActionMask = 2147483647;
			files = (
			);
			runOnlyForDeploymentPostprocessing = 0;
		};
/* End PBXSourcesBuildPhase section */

/* Begin XCBuildConfiguration section */
		5E23E5252ED9AB0C008298B2 /* Debug */ = {
			isa = XCBuildConfiguration;
			buildSettings = {
				ALWAYS_SEARCH_USER_PATHS = NO;
				ASSETCATALOG_COMPILER_GENERATE_SWIFT_ASSET_SYMBOL_EXTENSIONS = YES;
				CLANG_ANALYZER_NONNULL = YES;
				CLANG_ANALYZER_NUMBER_OBJECT_CONVERSION = YES_AGGRESSIVE;
				CLANG_CXX_LANGUAGE_STANDARD = "gnu++20";
				CLANG_ENABLE_MODULES = YES;
				CLANG_ENABLE_OBJC_ARC = YES;
				CLANG_ENABLE_OBJC_WEAK = YES;
				CLANG_WARN_BLOCK_CAPTURE_AUTORELEASING = YES;
				CLANG_WARN_BOOL_CONVERSION = YES;
				CLANG_WARN_COMMA = YES;
				CLANG_WARN_CONSTANT_CONVERSION = YES;
				CLANG_WARN_DEPRECATED_OBJC_IMPLEMENTATIONS = YES;
				CLANG_WARN_DIRECT_OBJC_ISA_USAGE = YES_ERROR;
				CLANG_WARN_DOCUMENTATION_COMMENTS = YES;
				CLANG_WARN_EMPTY_BODY = YES;
				CLANG_WARN_ENUM_CONVERSION = YES;
				CLANG_WARN_INFINITE_RECURSION = YES;
				CLANG_WARN_INT_CONVERSION = YES;
				CLANG_WARN_NON_LITERAL_NULL_CONVERSION = YES;
				CLANG_WARN_OBJC_IMPLICIT_RETAIN_SELF = YES;
				CLANG_WARN_OBJC_LITERAL_CONVERSION = YES;
				CLANG_WARN_OBJC_ROOT_CLASS = YES_ERROR;
				CLANG_WARN_QUOTED_INCLUDE_IN_FRAMEWORK_HEADER = YES;
				CLANG_WARN_RANGE_LOOP_ANALYSIS = YES;
				CLANG_WARN_STRICT_PROTOTYPES = YES;
				CLANG_WARN_SUSPICIOUS_MOVE = YES;
				CLANG_WARN_UNGUARDED_AVAILABILITY = YES_AGGRESSIVE;
				CLANG_WARN_UNREACHABLE_CODE = YES;
				CLANG_WARN__DUPLICATE_METHOD_MATCH = YES;
				COPY_PHASE_STRIP = NO;
				DEBUG_INFORMATION_FORMAT = "dwarf-with-dsym";
				DEVELOPMENT_TEAM = M48T7DC657;
				ENABLE_DEBUG_DYLIB = YES;
				ENABLE_STRICT_OBJC_MSGSEND = YES;
				ENABLE_TESTABILITY = YES;
				ENABLE_USER_SCRIPT_SANDBOXING = NO;
				GCC_C_LANGUAGE_STANDARD = gnu17;
				GCC_DYNAMIC_NO_PIC = NO;
				GCC_NO_COMMON_BLOCKS = YES;
				GCC_OPTIMIZATION_LEVEL = 0;
				GCC_PREPROCESSOR_DEFINITIONS = (
					"DEBUG=1",
					"UP60P_LIBRARY_MODE=1",
					"$(inherited)",
				);
				GCC_STRICT_ALIASING = YES;
				GCC_WARN_64_TO_32_BIT_CONVERSION = YES;
				GCC_WARN_ABOUT_RETURN_TYPE = YES_ERROR;
				GCC_WARN_UNDECLARED_SELECTOR = YES;
				GCC_WARN_UNINITIALIZED_AUTOS = YES_AGGRESSIVE;
				GCC_WARN_UNUSED_FUNCTION = YES;
				GCC_WARN_UNUSED_VARIABLE = YES;
				INFOPLIST_KEY_LSApplicationCategoryType = "public.app-category.video";
				LD_RUNPATH_SEARCH_PATHS = "@executable_path/../Frameworks";
				LOCALIZATION_PREFERS_STRING_CATALOGS = YES;
				MACOSX_DEPLOYMENT_TARGET = 15.7;
				MTLLINKER_FLAGS = "-fcikernel";
				MTL_COMPILER_FLAGS = "-fcikernel";
				MTL_ENABLE_DEBUG_INFO = INCLUDE_SOURCE;
				MTL_FAST_MATH = NO;
				ONLY_ACTIVE_ARCH = YES;
				SDKROOT = macosx;
				SWIFT_ACTIVE_COMPILATION_CONDITIONS = "DEBUG $(inherited)";
				SWIFT_EMIT_LOC_STRINGS = YES;
				SWIFT_OPTIMIZATION_LEVEL = "-Onone";
			};
			name = Debug;
		};
		5E23E5262ED9AB0C008298B2 /* Release */ = {
			isa = XCBuildConfiguration;
			buildSettings = {
				ALWAYS_SEARCH_USER_PATHS = NO;
				ASSETCATALOG_COMPILER_GENERATE_SWIFT_ASSET_SYMBOL_EXTENSIONS = YES;
				CLANG_ANALYZER_NONNULL = YES;
				CLANG_ANALYZER_NUMBER_OBJECT_CONVERSION = YES_AGGRESSIVE;
				CLANG_CXX_LANGUAGE_STANDARD = "gnu++20";
				CLANG_ENABLE_MODULES = YES;
				CLANG_ENABLE_OBJC_ARC = YES;
				CLANG_ENABLE_OBJC_WEAK = YES;
				CLANG_WARN_BLOCK_CAPTURE_AUTORELEASING = YES;
				CLANG_WARN_BOOL_CONVERSION = YES;
				CLANG_WARN_COMMA = YES;
				CLANG_WARN_CONSTANT_CONVERSION = YES;
				CLANG_WARN_DEPRECATED_OBJC_IMPLEMENTATIONS = YES;
				CLANG_WARN_DIRECT_OBJC_ISA_USAGE = YES_ERROR;
				CLANG_WARN_DOCUMENTATION_COMMENTS = YES;
				CLANG_WARN_EMPTY_BODY = YES;
				CLANG_WARN_ENUM_CONVERSION = YES;
				CLANG_WARN_INFINITE_RECURSION = YES;
				CLANG_WARN_INT_CONVERSION = YES;
				CLANG_WARN_NON_LITERAL_NULL_CONVERSION = YES;
				CLANG_WARN_OBJC_IMPLICIT_RETAIN_SELF = YES;
				CLANG_WARN_OBJC_LITERAL_CONVERSION = YES;
				CLANG_WARN_OBJC_ROOT_CLASS = YES_ERROR;
				CLANG_WARN_QUOTED_INCLUDE_IN_FRAMEWORK_HEADER = YES;
				CLANG_WARN_RANGE_LOOP_ANALYSIS = YES;
				CLANG_WARN_STRICT_PROTOTYPES = YES;
				CLANG_WARN_SUSPICIOUS_MOVE = YES;
				CLANG_WARN_UNGUARDED_AVAILABILITY = YES_AGGRESSIVE;
				CLANG_WARN_UNREACHABLE_CODE = YES;
				CLANG_WARN__DUPLICATE_METHOD_MATCH = YES;
				COPY_PHASE_STRIP = NO;
				DEBUG_INFORMATION_FORMAT = "dwarf-with-dsym";
				DEVELOPMENT_TEAM = M48T7DC657;
				ENABLE_DEBUG_DYLIB = YES;
				ENABLE_NS_ASSERTIONS = NO;
				ENABLE_STRICT_OBJC_MSGSEND = YES;
				ENABLE_USER_SCRIPT_SANDBOXING = NO;
				GCC_C_LANGUAGE_STANDARD = gnu17;
				GCC_NO_COMMON_BLOCKS = YES;
				GCC_PREPROCESSOR_DEFINITIONS = (
					"UP60P_LIBRARY_MODE=1",
					"$(inherited)",
				);
				GCC_STRICT_ALIASING = YES;
				GCC_WARN_64_TO_32_BIT_CONVERSION = YES;
				GCC_WARN_ABOUT_RETURN_TYPE = YES_ERROR;
				GCC_WARN_UNDECLARED_SELECTOR = YES;
				GCC_WARN_UNINITIALIZED_AUTOS = YES_AGGRESSIVE;
				GCC_WARN_UNUSED_FUNCTION = YES;
				GCC_WARN_UNUSED_VARIABLE = YES;
				INFOPLIST_KEY_LSApplicationCategoryType = "public.app-category.video";
				LD_RUNPATH_SEARCH_PATHS = "@executable_path/../Frameworks";
				LOCALIZATION_PREFERS_STRING_CATALOGS = YES;
				MACOSX_DEPLOYMENT_TARGET = 15.7;
				MTLLINKER_FLAGS = "-fcikernel";
				MTL_COMPILER_FLAGS = "-fcikernel";
				MTL_ENABLE_DEBUG_INFO = NO;
				MTL_FAST_MATH = NO;
				SDKROOT = macosx;
				SWIFT_COMPILATION_MODE = wholemodule;
				SWIFT_EMIT_LOC_STRINGS = YES;
			};
			name = Release;
		};
		5E23E5282ED9AB0C008298B2 /* Debug */ = {
			isa = XCBuildConfiguration;
			buildSettings = {
				ALWAYS_SEARCH_USER_PATHS = NO;
				ASSETCATALOG_COMPILER_APPICON_NAME = AppIcon;
				ASSETCATALOG_COMPILER_GLOBAL_ACCENT_COLOR_NAME = AccentColor;
				ASSETCATALOG_COMPILER_INCLUDE_ALL_APPICON_ASSETS = YES;
				AUTOMATION_APPLE_EVENTS = NO;
				CODE_SIGN_IDENTITY = "Developer ID Application";
				"CODE_SIGN_IDENTITY[sdk=macosx*]" = "Apple Development";
				CODE_SIGN_STYLE = Automatic;
				COMBINE_HIDPI_IMAGES = YES;
				CURRENT_PROJECT_VERSION = 2;
				DEVELOPMENT_ASSET_PATHS = "";
				DEVELOPMENT_TEAM = M48T7DC657;
				ENABLE_APP_SANDBOX = YES;
				ENABLE_FILE_ACCESS_DOWNLOADS_FOLDER = readwrite;
				ENABLE_FILE_ACCESS_MOVIES_FOLDER = readwrite;
				ENABLE_FILE_ACCESS_MUSIC_FOLDER = readwrite;
				ENABLE_FILE_ACCESS_PICTURE_FOLDER = readwrite;
				ENABLE_HARDENED_RUNTIME = YES;
				ENABLE_INCOMING_NETWORK_CONNECTIONS = NO;
				ENABLE_OUTGOING_NETWORK_CONNECTIONS = NO;
				ENABLE_PREVIEWS = YES;
				ENABLE_RESOURCE_ACCESS_AUDIO_INPUT = NO;
				ENABLE_RESOURCE_ACCESS_BLUETOOTH = NO;
				ENABLE_RESOURCE_ACCESS_CALENDARS = NO;
				ENABLE_RESOURCE_ACCESS_CAMERA = NO;
				ENABLE_RESOURCE_ACCESS_CONTACTS = NO;
				ENABLE_RESOURCE_ACCESS_LOCATION = NO;
				ENABLE_RESOURCE_ACCESS_PHOTO_LIBRARY = NO;
				ENABLE_RESOURCE_ACCESS_PRINTING = NO;
				ENABLE_RESOURCE_ACCESS_USB = NO;
				ENABLE_USER_SELECTED_FILES = readwrite;
				FRAMEWORK_SEARCH_PATHS = (
					"$(SRCROOT)/macos/Frameworks",
					"$(inherited)",
				);
				GCC_OPTIMIZATION_LEVEL = 0;
				GCC_STRICT_ALIASING = YES;
				GENERATE_INFOPLIST_FILE = YES;
				HEADER_SEARCH_PATHS = "$(SRCROOT)/myUpscaler/upscaler";
				INFOPLIST_FILE = myUpscaler/Info.plist;
				INFOPLIST_KEY_CFBundleDisplayName = MyUpscaler;
				INFOPLIST_KEY_LSApplicationCategoryType = "public.app-category.video";
				INFOPLIST_KEY_NSHumanReadableCopyright = "";
				LD_RUNPATH_SEARCH_PATHS = "@executable_path/../Frameworks";
				LIBRARY_SEARCH_PATHS = (
					"$(SRCROOT)/myUpscaler/lib/**",
					"$(PROJECT_DIR)/ThirdParty",
				);
				MACOSX_DEPLOYMENT_TARGET = 15.2;
				MARKETING_VERSION = 0.1;
				"MARKETING_VERSION[sdk=macosx*]" = 0.1;
				MTL_COMPILER_FLAGS = "-fcikernel";
				MTL_FAST_MATH = YES;
				OTHER_LDFLAGS = "";
				PRODUCT_BUNDLE_IDENTIFIER = Ashrox.myUpscaler;
				PRODUCT_NAME = "$(TARGET_NAME)";
				REGISTER_APP_GROUPS = YES;
				RUNTIME_EXCEPTION_ALLOW_DYLD_ENVIRONMENT_VARIABLES = NO;
				RUNTIME_EXCEPTION_ALLOW_JIT = NO;
				RUNTIME_EXCEPTION_ALLOW_UNSIGNED_EXECUTABLE_MEMORY = NO;
				RUNTIME_EXCEPTION_DEBUGGING_TOOL = NO;
				RUNTIME_EXCEPTION_DISABLE_EXECUTABLE_PAGE_PROTECTION = NO;
				RUNTIME_EXCEPTION_DISABLE_LIBRARY_VALIDATION = YES;
				STRING_CATALOG_GENERATE_SYMBOLS = YES;
				SWIFT_APPROACHABLE_CONCURRENCY = YES;
				SWIFT_DEFAULT_ACTOR_ISOLATION = MainActor;
				SWIFT_EMIT_LOC_STRINGS = YES;
				SWIFT_OBJC_BRIDGING_HEADER = myUpscaler/upscaler/Up60PBridging.h;
				SWIFT_OPTIMIZATION_LEVEL = "-Onone";
				SWIFT_UPCOMING_FEATURE_MEMBER_IMPORT_VISIBILITY = YES;
				SWIFT_VERSION = 5.0;
			};
			name = Debug;
		};
		5E23E5292ED9AB0C008298B2 /* Release */ = {
			isa = XCBuildConfiguration;
			buildSettings = {
				ALWAYS_SEARCH_USER_PATHS = NO;
				ASSETCATALOG_COMPILER_APPICON_NAME = AppIcon;
				"ASSETCATALOG_COMPILER_APPICON_NAME[sdk=macosx*]" = AppIcon;
				ASSETCATALOG_COMPILER_GLOBAL_ACCENT_COLOR_NAME = AccentColor;
				ASSETCATALOG_COMPILER_INCLUDE_ALL_APPICON_ASSETS = YES;
				CODE_SIGN_IDENTITY = "Developer ID Application";
				"CODE_SIGN_IDENTITY[sdk=macosx*]" = "Apple Development";
				CODE_SIGN_STYLE = Automatic;
				COMBINE_HIDPI_IMAGES = YES;
				CURRENT_PROJECT_VERSION = 2;
				DEVELOPMENT_ASSET_PATHS = "";
				DEVELOPMENT_TEAM = M48T7DC657;
				ENABLE_APP_SANDBOX = YES;
				ENABLE_FILE_ACCESS_DOWNLOADS_FOLDER = readwrite;
				ENABLE_FILE_ACCESS_MOVIES_FOLDER = readwrite;
				ENABLE_FILE_ACCESS_MUSIC_FOLDER = readwrite;
				ENABLE_FILE_ACCESS_PICTURE_FOLDER = readwrite;
				ENABLE_HARDENED_RUNTIME = YES;
				ENABLE_INCOMING_NETWORK_CONNECTIONS = NO;
				ENABLE_OUTGOING_NETWORK_CONNECTIONS = NO;
				ENABLE_PREVIEWS = YES;
				ENABLE_RESOURCE_ACCESS_AUDIO_INPUT = NO;
				ENABLE_RESOURCE_ACCESS_BLUETOOTH = NO;
				ENABLE_RESOURCE_ACCESS_CALENDARS = NO;
				ENABLE_RESOURCE_ACCESS_CAMERA = NO;
				ENABLE_RESOURCE_ACCESS_CONTACTS = NO;
				ENABLE_RESOURCE_ACCESS_LOCATION = NO;
				ENABLE_RESOURCE_ACCESS_PRINTING = NO;
				ENABLE_RESOURCE_ACCESS_USB = NO;
				ENABLE_USER_SELECTED_FILES = readwrite;
				FRAMEWORK_SEARCH_PATHS = (
					"$(SRCROOT)/macos/Frameworks",
					"$(inherited)",
				);
				GCC_OPTIMIZATION_LEVEL = 0;
				GCC_STRICT_ALIASING = YES;
				GENERATE_INFOPLIST_FILE = YES;
				HEADER_SEARCH_PATHS = "$(SRCROOT)/myUpscaler/upscaler";
				INFOPLIST_FILE = myUpscaler/Info.plist;
				INFOPLIST_KEY_CFBundleDisplayName = MyUpscaler;
				INFOPLIST_KEY_LSApplicationCategoryType = "public.app-category.video";
				INFOPLIST_KEY_NSHumanReadableCopyright = "";
				LD_RUNPATH_SEARCH_PATHS = "@executable_path/../Frameworks";
				LIBRARY_SEARCH_PATHS = (
					"$(SRCROOT)/myUpscaler/lib/**",
					"$(PROJECT_DIR)/ThirdParty",
				);
				MACOSX_DEPLOYMENT_TARGET = 15.2;
				MARKETING_VERSION = 0.1;
				MTL_COMPILER_FLAGS = "-fcikernel";
				MTL_FAST_MATH = YES;
				OTHER_LDFLAGS = "";
				PRODUCT_BUNDLE_IDENTIFIER = Ashrox.myUpscaler;
				PRODUCT_NAME = "$(TARGET_NAME)";
				REGISTER_APP_GROUPS = YES;
				RUNTIME_EXCEPTION_ALLOW_DYLD_ENVIRONMENT_VARIABLES = NO;
				RUNTIME_EXCEPTION_DISABLE_LIBRARY_VALIDATION = YES;
				STRING_CATALOG_GENERATE_SYMBOLS = YES;
				SWIFT_APPROACHABLE_CONCURRENCY = YES;
				SWIFT_DEFAULT_ACTOR_ISOLATION = MainActor;
				SWIFT_EMIT_LOC_STRINGS = YES;
				SWIFT_OBJC_BRIDGING_HEADER = myUpscaler/upscaler/Up60PBridging.h;
				SWIFT_OPTIMIZATION_LEVEL = "-Onone";
				SWIFT_UPCOMING_FEATURE_MEMBER_IMPORT_VISIBILITY = YES;
				SWIFT_VERSION = 5.0;
			};
			name = Release;
		};
/* End XCBuildConfiguration section */

/* Begin XCConfigurationList section */
		5E23E5012ED9AB0B008298B2 /* Build configuration list for PBXProject "myUpscaler" */ = {
			isa = XCConfigurationList;
			buildConfigurations = (
				5E23E5252ED9AB0C008298B2 /* Debug */,
				5E23E5262ED9AB0C008298B2 /* Release */,
			);
			defaultConfigurationIsVisible = 0;
			defaultConfigurationName = Release;
		};
		5E23E5272ED9AB0C008298B2 /* Build configuration list for PBXNativeTarget "myUpscaler" */ = {
			isa = XCConfigurationList;
			buildConfigurations = (
				5E23E5282ED9AB0C008298B2 /* Debug */,
				5E23E5292ED9AB0C008298B2 /* Release */,
			);
			defaultConfigurationIsVisible = 0;
			defaultConfigurationName = Release;
		};
/* End XCConfigurationList section */

/* Begin XCRemoteSwiftPackageReference section */
		5E5365472EEB117900B2C59B /* XCRemoteSwiftPackageReference "swift-async-algorithms" */ = {
			isa = XCRemoteSwiftPackageReference;
			repositoryURL = "https://github.com/apple/swift-async-algorithms.git";
			requirement = {
				kind = upToNextMajorVersion;
				minimumVersion = 1.1.1;
			};
		};
/* End XCRemoteSwiftPackageReference section */

/* Begin XCSwiftPackageProductDependency section */
		5E5365482EEB117900B2C59B /* AsyncAlgorithms */ = {
			isa = XCSwiftPackageProductDependency;
			package = 5E5365472EEB117900B2C59B /* XCRemoteSwiftPackageReference "swift-async-algorithms" */;
			productName = AsyncAlgorithms;
		};
/* End XCSwiftPackageProductDependency section */
	};
	rootObject = 5E23E4FE2ED9AB0B008298B2 /* Project object */;
}
