// !$*UTF8*$!
{
	archiveVersion = 1;
	classes = {
	};
	objectVersion = 77;
	objects = {

/* Begin PBXCopyFilesBuildPhase section */
		5ECE7AD72EF2A1D500603DA9 /* Embed Libraries */ = {
			isa = PBXCopyFilesBuildPhase;
			buildActionMask = 2147483647;
			dstPath = "";
			dstSubfolderSpec = 10;
			files = (
			);
			name = "Embed Libraries";
			runOnlyForDeploymentPostprocessing = 0;
		};
		5EE1645F2EF4C3690060947E /* CopyFiles */ = {
			isa = PBXCopyFilesBuildPhase;
			buildActionMask = 2147483647;
			dstPath = "";
			dstSubfolderSpec = 7;
			files = (
			);
			runOnlyForDeploymentPostprocessing = 0;
		};
/* End PBXCopyFilesBuildPhase section */

/* Begin PBXFileReference section */
		5E6259532EE81EC9004D8958 /* myUpscaler.xctestplan */ = {isa = PBXFileReference; lastKnownFileType = text; path = myUpscaler.xctestplan; sourceTree = "<group>"; };
		5ECE7BB52EF2A63C00603DA9 /* myUpscaler.app */ = {isa = PBXFileReference; explicitFileType = wrapper.application; includeInIndex = 0; path = myUpscaler.app; sourceTree = BUILT_PRODUCTS_DIR; };
/* End PBXFileReference section */

/* Begin PBXFileSystemSynchronizedBuildFileExceptionSet section */
		5E23E7C82ED9B256008298B2 /* Exceptions for "myUpscaler" folder in "myUpscaler" target */ = {
			isa = PBXFileSystemSynchronizedBuildFileExceptionSet;
			membershipExceptions = (
				ThirdParty/ffmpeg/ffmpeg,
				ThirdParty/ffmpeg/ffplay,
				ThirdParty/ffmpeg/ffprobe,
				ThirdParty/ffmpeg/pkgconfig/libavcodec.pc,
				ThirdParty/ffmpeg/pkgconfig/libavdevice.pc,
				ThirdParty/ffmpeg/pkgconfig/libavfilter.pc,
				ThirdParty/ffmpeg/pkgconfig/libavformat.pc,
				ThirdParty/ffmpeg/pkgconfig/libavutil.pc,
				ThirdParty/ffmpeg/pkgconfig/libswresample.pc,
				ThirdParty/ffmpeg/pkgconfig/libswscale.pc,
				upscaler/CoreML_README.md,
				upscaler/filters/README.md,
				upscaler/models/RealESRGAN_x2.mlpackage,
				upscaler/models/RealESRGAN_x4.mlpackage,
				upscaler/models/RealESRGAN_x8.mlpackage,
			);
			target = 5E23E5052ED9AB0B008298B2 /* myUpscaler */;
		};
/* End PBXFileSystemSynchronizedBuildFileExceptionSet section */

/* Begin PBXFileSystemSynchronizedGroupBuildPhaseMembershipExceptionSet section */
		5E625D4D2EE872B1004D8958 /* Exceptions for "myUpscaler" folder in "Copy Bundle Resources" phase from "myUpscaler" target */ = {
			isa = PBXFileSystemSynchronizedGroupBuildPhaseMembershipExceptionSet;
			buildPhase = 5E23E5042ED9AB0B008298B2 /* Resources */;
			membershipExceptions = (
				upscaler/models/RealESRGAN_x2.mlpackage,
				upscaler/models/RealESRGAN_x4.mlpackage,
				upscaler/models/RealESRGAN_x8.mlpackage,
			);
		};
		5EE164632EF4C3970060947E /* Exceptions for "myUpscaler" folder in "Copy Files" phase from "myUpscaler" target */ = {
			isa = PBXFileSystemSynchronizedGroupBuildPhaseMembershipExceptionSet;
			attributesByRelativePath = {
				ThirdParty/ffmpeg/ffmpeg = (CodeSignOnCopy, );
				ThirdParty/ffmpeg/ffplay = (CodeSignOnCopy, );
				ThirdParty/ffmpeg/ffprobe = (CodeSignOnCopy, );
			};
			buildPhase = 5EE1645F2EF4C3690060947E /* CopyFiles */;
			membershipExceptions = (
				ThirdParty/ffmpeg/ffmpeg,
				ThirdParty/ffmpeg/ffplay,
				ThirdParty/ffmpeg/ffprobe,
			);
		};
		5EE164792EF4C53F0060947E /* Exceptions for "myUpscaler" folder in "Embed Libraries" phase from "myUpscaler" target */ = {
			isa = PBXFileSystemSynchronizedGroupBuildPhaseMembershipExceptionSet;
			attributesByRelativePath = {
				frameworks/libavcodec.62.23.102.dylib = (CodeSignOnCopy, );
				frameworks/libavcodec.62.dylib = (CodeSignOnCopy, );
				frameworks/libavcodec.dylib = (CodeSignOnCopy, );
				frameworks/libavdevice.62.2.100.dylib = (CodeSignOnCopy, );
				frameworks/libavdevice.62.dylib = (CodeSignOnCopy, );
				frameworks/libavdevice.dylib = (CodeSignOnCopy, );
				frameworks/libavfilter.11.10.101.dylib = (CodeSignOnCopy, );
				frameworks/libavfilter.11.dylib = (CodeSignOnCopy, );
				frameworks/libavfilter.dylib = (CodeSignOnCopy, );
				frameworks/libavformat.62.8.100.dylib = (CodeSignOnCopy, );
				frameworks/libavformat.62.dylib = (CodeSignOnCopy, );
				frameworks/libavformat.dylib = (CodeSignOnCopy, );
				frameworks/libavutil.60.20.100.dylib = (CodeSignOnCopy, );
				frameworks/libavutil.60.dylib = (CodeSignOnCopy, );
				frameworks/libavutil.dylib = (CodeSignOnCopy, );
				frameworks/libswresample.6.2.100.dylib = (CodeSignOnCopy, );
				frameworks/libswresample.6.dylib = (CodeSignOnCopy, );
				frameworks/libswresample.dylib = (CodeSignOnCopy, );
				frameworks/libswscale.9.3.100.dylib = (CodeSignOnCopy, );
				frameworks/libswscale.9.dylib = (CodeSignOnCopy, );
				frameworks/libswscale.dylib = (CodeSignOnCopy, );
			};
			buildPhase = 5ECE7AD72EF2A1D500603DA9 /* Embed Libraries */;
			membershipExceptions = (
				frameworks/libavcodec.62.23.102.dylib,
				frameworks/libavcodec.62.dylib,
				frameworks/libavcodec.dylib,
				frameworks/libavdevice.62.2.100.dylib,
				frameworks/libavdevice.62.dylib,
				frameworks/libavdevice.dylib,
				frameworks/libavfilter.11.10.101.dylib,
				frameworks/libavfilter.11.dylib,
				frameworks/libavfilter.dylib,
				frameworks/libavformat.62.8.100.dylib,
				frameworks/libavformat.62.dylib,
				frameworks/libavformat.dylib,
				frameworks/libavutil.60.20.100.dylib,
				frameworks/libavutil.60.dylib,
				frameworks/libavutil.dylib,
				frameworks/libswresample.6.2.100.dylib,
				frameworks/libswresample.6.dylib,
				frameworks/libswresample.dylib,
				frameworks/libswscale.9.3.100.dylib,
				frameworks/libswscale.9.dylib,
				frameworks/libswscale.dylib,
			);
		};
/* End PBXFileSystemSynchronizedGroupBuildPhaseMembershipExceptionSet section */

/* Begin PBXFileSystemSynchronizedRootGroup section */
		5E23E5082ED9AB0B008298B2 /* myUpscaler */ = {
			isa = PBXFileSystemSynchronizedRootGroup;
			exceptions = (
				5E23E7C82ED9B256008298B2 /* Exceptions for "myUpscaler" folder in "myUpscaler" target */,
				5EE164792EF4C53F0060947E /* Exceptions for "myUpscaler" folder in "Embed Libraries" phase from "myUpscaler" target */,
				5E625D4D2EE872B1004D8958 /* Exceptions for "myUpscaler" folder in "Copy Bundle Resources" phase from "myUpscaler" target */,
				5EE164632EF4C3970060947E /* Exceptions for "myUpscaler" folder in "Copy Files" phase from "myUpscaler" target */,
			);
			path = myUpscaler;
			sourceTree = "<group>";
		};
		5E23E5162ED9AB0C008298B2 /* myUpscalerTests */ = {
			isa = PBXFileSystemSynchronizedRootGroup;
			path = myUpscalerTests;
			sourceTree = "<group>";
		};
		5E23E5202ED9AB0C008298B2 /* myUpscalerUITests */ = {
			isa = PBXFileSystemSynchronizedRootGroup;
			path = myUpscalerUITests;
			sourceTree = "<group>";
		};
/* End PBXFileSystemSynchronizedRootGroup section */

/* Begin PBXFrameworksBuildPhase section */
		5E23E5032ED9AB0B008298B2 /* Frameworks */ = {
			isa = PBXFrameworksBuildPhase;
			buildActionMask = 2147483647;
			files = (
			);
			runOnlyForDeploymentPostprocessing = 0;
		};
/* End PBXFrameworksBuildPhase section */

/* Begin PBXGroup section */
		5E23E4FD2ED9AB0B008298B2 = {
			isa = PBXGroup;
			children = (
				5E6259532EE81EC9004D8958 /* myUpscaler.xctestplan */,
				5E23E5082ED9AB0B008298B2 /* myUpscaler */,
				5E23E5162ED9AB0C008298B2 /* myUpscalerTests */,
				5E23E5202ED9AB0C008298B2 /* myUpscalerUITests */,
				5ECE7BB52EF2A63C00603DA9 /* myUpscaler.app */,
				5EE1647A2EF4C5410060947E /* Frameworks */,
			);
			sourceTree = "<group>";
		};
		5EE1647A2EF4C5410060947E /* Frameworks */ = {
			isa = PBXGroup;
			children = (
			);
			name = Frameworks;
			sourceTree = "<group>";
		};
/* End PBXGroup section */

/* Begin PBXNativeTarget section */
		5E23E5052ED9AB0B008298B2 /* myUpscaler */ = {
			isa = PBXNativeTarget;
			buildConfigurationList = 5E23E5272ED9AB0C008298B2 /* Build configuration list for PBXNativeTarget "myUpscaler" */;
			buildPhases = (
				5E23E5022ED9AB0B008298B2 /* Sources */,
				5E23E5032ED9AB0B008298B2 /* Frameworks */,
				5ECE7AD72EF2A1D500603DA9 /* Embed Libraries */,
				5E23E5042ED9AB0B008298B2 /* Resources */,
				5EE1645F2EF4C3690060947E /* CopyFiles */,
				5ECE7BC92EF2A82C00603DA9 /* ShellScript */,
			);
			buildRules = (
			);
			dependencies = (
			);
			fileSystemSynchronizedGroups = (
				5E23E5082ED9AB0B008298B2 /* myUpscaler */,
			);
			name = myUpscaler;
			packageProductDependencies = (
			);
			productName = myUpscaler;
			productReference = 5ECE7BB52EF2A63C00603DA9 /* myUpscaler.app */;
			productType = "com.apple.product-type.application";
		};
/* End PBXNativeTarget section */

/* Begin PBXProject section */
		5E23E4FE2ED9AB0B008298B2 /* Project object */ = {
			isa = PBXProject;
			attributes = {
				BuildIndependentTargetsInParallel = 1;
				LastSwiftUpdateCheck = 2610;
				LastUpgradeCheck = 2610;
				TargetAttributes = {
					5E23E5052ED9AB0B008298B2 = {
						CreatedOnToolsVersion = 26.1.1;
					};
				};
			};
			buildConfigurationList = 5E23E5012ED9AB0B008298B2 /* Build configuration list for PBXProject "myUpscaler" */;
			developmentRegion = en;
			hasScannedForEncodings = 0;
			knownRegions = (
				en,
			);
			mainGroup = 5E23E4FD2ED9AB0B008298B2;
			minimizedProjectReferenceProxies = 1;
			packageReferences = (
			);
			preferredProjectObjectVersion = 77;
			productRefGroup = 5E23E4FD2ED9AB0B008298B2;
			projectDirPath = "";
			projectRoot = "";
			targets = (
				5E23E5052ED9AB0B008298B2 /* myUpscaler */,
			);
		};
/* End PBXProject section */

/* Begin PBXResourcesBuildPhase section */
		5E23E5042ED9AB0B008298B2 /* Resources */ = {
			isa = PBXResourcesBuildPhase;
			buildActionMask = 2147483647;
			files = (
			);
			runOnlyForDeploymentPostprocessing = 0;
		};
/* End PBXResourcesBuildPhase section */

/* Begin PBXShellScriptBuildPhase section */
		5ECE7BC92EF2A82C00603DA9 /* ShellScript */ = {
			isa = PBXShellScriptBuildPhase;
			buildActionMask = 2147483647;
			files = (
			);
			inputFileListPaths = (
			);
			inputPaths = (
			);
			outputFileListPaths = (
			);
			outputPaths = (
			);
			runOnlyForDeploymentPostprocessing = 0;
			shellPath = /bin/sh;
			shellScript = "set +e\n\nENTITLEMENTS=\"${SRCROOT}/myUpscaler/myUpscaler.entitlements\"\nSIGN_IDENTITY=\"${EXPANDED_CODE_SIGN_IDENTITY}\"\n\nBINARIES=(\n  \"$TARGET_BUILD_DIR/$CONTENTS_FOLDER_PATH/MacOS/Resources/ffmpeg\"\n  \"$TARGET_BUILD_DIR/$CONTENTS_FOLDER_PATH/MacOS/Resources/ffprobe\"\n  \"$TARGET_BUILD_DIR/$CONTENTS_FOLDER_PATH/MacOS/Resources/ffplay\"\n  \n  \"$TARGET_BUILD_DIR/$CONTENTS_FOLDER_PATH/Resources/ffmpeg\"\n  \"$TARGET_BUILD_DIR/$CONTENTS_FOLDER_PATH/Resources/ffprobe\"\n  \"$TARGET_BUILD_DIR/$CONTENTS_FOLDER_PATH/Resources/ffplay\"\n\n)\n\nfor BIN in \"${BINARIES[@]}\"; do\n  if [ -f \"$BIN\" ]; then\n    codesign --force \\\n      --entitlements \"$ENTITLEMENTS\" \\\n      --sign \"$SIGN_IDENTITY\" \\\n      \"$BIN\"\n  fi\ndone\n\nexit 0\n";
		};
/* End PBXShellScriptBuildPhase section */

/* Begin PBXSourcesBuildPhase section */
		5E23E5022ED9AB0B008298B2 /* Sources */ = {
			isa = PBXSourcesBuildPhase;
			buildActionMask = 2147483647;
			files = (
			);
			runOnlyForDeploymentPostprocessing = 0;
		};
/* End PBXSourcesBuildPhase section */

/* Begin XCBuildConfiguration section */
		5E23E5252ED9AB0C008298B2 /* Debug */ = {
			isa = XCBuildConfiguration;
			buildSettings = {
				ALWAYS_SEARCH_USER_PATHS = NO;
				ASSETCATALOG_COMPILER_GENERATE_SWIFT_ASSET_SYMBOL_EXTENSIONS = YES;
				CLANG_ANALYZER_NONNULL = YES;
				CLANG_ANALYZER_NUMBER_OBJECT_CONVERSION = YES_AGGRESSIVE;
				CLANG_CXX_LANGUAGE_STANDARD = "gnu++20";
				CLANG_ENABLE_MODULES = YES;
				CLANG_ENABLE_OBJC_ARC = YES;
				CLANG_ENABLE_OBJC_WEAK = YES;
				CLANG_WARN_BLOCK_CAPTURE_AUTORELEASING = YES;
				CLANG_WARN_BOOL_CONVERSION = YES;
				CLANG_WARN_COMMA = YES;
				CLANG_WARN_CONSTANT_CONVERSION = YES;
				CLANG_WARN_DEPRECATED_OBJC_IMPLEMENTATIONS = YES;
				CLANG_WARN_DIRECT_OBJC_ISA_USAGE = YES_ERROR;
				CLANG_WARN_DOCUMENTATION_COMMENTS = YES;
				CLANG_WARN_EMPTY_BODY = YES;
				CLANG_WARN_ENUM_CONVERSION = YES;
				CLANG_WARN_INFINITE_RECURSION = YES;
				CLANG_WARN_INT_CONVERSION = YES;
				CLANG_WARN_NON_LITERAL_NULL_CONVERSION = YES;
				CLANG_WARN_OBJC_IMPLICIT_RETAIN_SELF = YES;
				CLANG_WARN_OBJC_LITERAL_CONVERSION = YES;
				CLANG_WARN_OBJC_ROOT_CLASS = YES_ERROR;
				CLANG_WARN_QUOTED_INCLUDE_IN_FRAMEWORK_HEADER = YES;
				CLANG_WARN_RANGE_LOOP_ANALYSIS = YES;
				CLANG_WARN_STRICT_PROTOTYPES = YES;
				CLANG_WARN_SUSPICIOUS_MOVE = YES;
				CLANG_WARN_UNGUARDED_AVAILABILITY = YES_AGGRESSIVE;
				CLANG_WARN_UNREACHABLE_CODE = YES;
				CLANG_WARN__DUPLICATE_METHOD_MATCH = YES;
				COPY_PHASE_STRIP = NO;
				DEBUG_INFORMATION_FORMAT = "dwarf-with-dsym";
				DEVELOPMENT_TEAM = M48T7DC657;
				ENABLE_DEBUG_DYLIB = YES;
				ENABLE_STRICT_OBJC_MSGSEND = YES;
				ENABLE_TESTABILITY = YES;
				ENABLE_USER_SCRIPT_SANDBOXING = NO;
				GCC_C_LANGUAGE_STANDARD = gnu17;
				GCC_DYNAMIC_NO_PIC = NO;
				GCC_NO_COMMON_BLOCKS = YES;
				GCC_OPTIMIZATION_LEVEL = 0;
				GCC_PREPROCESSOR_DEFINITIONS = (
					"DEBUG=1",
					"UP60P_LIBRARY_MODE=1",
					"$(inherited)",
				);
				GCC_STRICT_ALIASING = YES;
				GCC_WARN_64_TO_32_BIT_CONVERSION = YES;
				GCC_WARN_ABOUT_RETURN_TYPE = YES_ERROR;
				GCC_WARN_UNDECLARED_SELECTOR = YES;
				GCC_WARN_UNINITIALIZED_AUTOS = YES_AGGRESSIVE;
				GCC_WARN_UNUSED_FUNCTION = YES;
				GCC_WARN_UNUSED_VARIABLE = YES;
				INFOPLIST_KEY_LSApplicationCategoryType = "public.app-category.video";
				LD_RUNPATH_SEARCH_PATHS = "@executable_path/../Frameworks";
				LOCALIZATION_PREFERS_STRING_CATALOGS = YES;
				MACOSX_DEPLOYMENT_TARGET = 15.7;
				MTLLINKER_FLAGS = "-fcikernel";
				MTL_COMPILER_FLAGS = "-fcikernel";
				MTL_ENABLE_DEBUG_INFO = INCLUDE_SOURCE;
				MTL_FAST_MATH = NO;
				ONLY_ACTIVE_ARCH = YES;
				SDKROOT = macosx;
				SWIFT_ACTIVE_COMPILATION_CONDITIONS = "DEBUG $(inherited)";
				SWIFT_EMIT_LOC_STRINGS = YES;
				SWIFT_OPTIMIZATION_LEVEL = "-Onone";
			};
			name = Debug;
		};
		5E23E5262ED9AB0C008298B2 /* Release */ = {
			isa = XCBuildConfiguration;
			buildSettings = {
				ALWAYS_SEARCH_USER_PATHS = NO;
				ASSETCATALOG_COMPILER_GENERATE_SWIFT_ASSET_SYMBOL_EXTENSIONS = YES;
				CLANG_ANALYZER_NONNULL = YES;
				CLANG_ANALYZER_NUMBER_OBJECT_CONVERSION = YES_AGGRESSIVE;
				CLANG_CXX_LANGUAGE_STANDARD = "gnu++20";
				CLANG_ENABLE_MODULES = YES;
				CLANG_ENABLE_OBJC_ARC = YES;
				CLANG_ENABLE_OBJC_WEAK = YES;
				CLANG_WARN_BLOCK_CAPTURE_AUTORELEASING = YES;
				CLANG_WARN_BOOL_CONVERSION = YES;
				CLANG_WARN_COMMA = YES;
				CLANG_WARN_CONSTANT_CONVERSION = YES;
				CLANG_WARN_DEPRECATED_OBJC_IMPLEMENTATIONS = YES;
				CLANG_WARN_DIRECT_OBJC_ISA_USAGE = YES_ERROR;
				CLANG_WARN_DOCUMENTATION_COMMENTS = YES;
				CLANG_WARN_EMPTY_BODY = YES;
				CLANG_WARN_ENUM_CONVERSION = YES;
				CLANG_WARN_INFINITE_RECURSION = YES;
				CLANG_WARN_INT_CONVERSION = YES;
				CLANG_WARN_NON_LITERAL_NULL_CONVERSION = YES;
				CLANG_WARN_OBJC_IMPLICIT_RETAIN_SELF = YES;
				CLANG_WARN_OBJC_LITERAL_CONVERSION = YES;
				CLANG_WARN_OBJC_ROOT_CLASS = YES_ERROR;
				CLANG_WARN_QUOTED_INCLUDE_IN_FRAMEWORK_HEADER = YES;
				CLANG_WARN_RANGE_LOOP_ANALYSIS = YES;
				CLANG_WARN_STRICT_PROTOTYPES = YES;
				CLANG_WARN_SUSPICIOUS_MOVE = YES;
				CLANG_WARN_UNGUARDED_AVAILABILITY = YES_AGGRESSIVE;
				CLANG_WARN_UNREACHABLE_CODE = YES;
				CLANG_WARN__DUPLICATE_METHOD_MATCH = YES;
				COPY_PHASE_STRIP = NO;
				DEBUG_INFORMATION_FORMAT = "dwarf-with-dsym";
				DEVELOPMENT_TEAM = M48T7DC657;
				ENABLE_DEBUG_DYLIB = YES;
				ENABLE_NS_ASSERTIONS = NO;
				ENABLE_STRICT_OBJC_MSGSEND = YES;
				ENABLE_USER_SCRIPT_SANDBOXING = NO;
				GCC_C_LANGUAGE_STANDARD = gnu17;
				GCC_NO_COMMON_BLOCKS = YES;
				GCC_PREPROCESSOR_DEFINITIONS = (
					"UP60P_LIBRARY_MODE=1",
					"$(inherited)",
				);
				GCC_STRICT_ALIASING = YES;
				GCC_WARN_64_TO_32_BIT_CONVERSION = YES;
				GCC_WARN_ABOUT_RETURN_TYPE = YES_ERROR;
				GCC_WARN_UNDECLARED_SELECTOR = YES;
				GCC_WARN_UNINITIALIZED_AUTOS = YES_AGGRESSIVE;
				GCC_WARN_UNUSED_FUNCTION = YES;
				GCC_WARN_UNUSED_VARIABLE = YES;
				INFOPLIST_KEY_LSApplicationCategoryType = "public.app-category.video";
				LD_RUNPATH_SEARCH_PATHS = "@executable_path/../Frameworks";
				LOCALIZATION_PREFERS_STRING_CATALOGS = YES;
				MACOSX_DEPLOYMENT_TARGET = 15.7;
				MTLLINKER_FLAGS = "-fcikernel";
				MTL_COMPILER_FLAGS = "-fcikernel";
				MTL_ENABLE_DEBUG_INFO = NO;
				MTL_FAST_MATH = NO;
				SDKROOT = macosx;
				SWIFT_COMPILATION_MODE = wholemodule;
				SWIFT_EMIT_LOC_STRINGS = YES;
			};
			name = Release;
		};
		5E23E5282ED9AB0C008298B2 /* Debug */ = {
			isa = XCBuildConfiguration;
			buildSettings = {
				ALWAYS_SEARCH_USER_PATHS = NO;
				ASSETCATALOG_COMPILER_APPICON_NAME = AppIcon;
				ASSETCATALOG_COMPILER_GLOBAL_ACCENT_COLOR_NAME = AccentColor;
				ASSETCATALOG_COMPILER_INCLUDE_ALL_APPICON_ASSETS = YES;
				AUTOMATION_APPLE_EVENTS = NO;
				CODE_SIGN_IDENTITY = "Developer ID Application";
				"CODE_SIGN_IDENTITY[sdk=macosx*]" = "Apple Development";
				CODE_SIGN_STYLE = Automatic;
				COMBINE_HIDPI_IMAGES = YES;
				CURRENT_PROJECT_VERSION = 2;
				DEVELOPMENT_ASSET_PATHS = "";
				DEVELOPMENT_TEAM = M48T7DC657;
				ENABLE_APP_SANDBOX = YES;
				ENABLE_FILE_ACCESS_DOWNLOADS_FOLDER = readwrite;
				ENABLE_FILE_ACCESS_MOVIES_FOLDER = readwrite;
				ENABLE_FILE_ACCESS_MUSIC_FOLDER = readwrite;
				ENABLE_FILE_ACCESS_PICTURE_FOLDER = readwrite;
				ENABLE_HARDENED_RUNTIME = YES;
				ENABLE_INCOMING_NETWORK_CONNECTIONS = NO;
				ENABLE_OUTGOING_NETWORK_CONNECTIONS = NO;
				ENABLE_PREVIEWS = YES;
				ENABLE_RESOURCE_ACCESS_AUDIO_INPUT = NO;
				ENABLE_RESOURCE_ACCESS_BLUETOOTH = NO;
				ENABLE_RESOURCE_ACCESS_CALENDARS = NO;
				ENABLE_RESOURCE_ACCESS_CAMERA = NO;
				ENABLE_RESOURCE_ACCESS_CONTACTS = NO;
				ENABLE_RESOURCE_ACCESS_LOCATION = NO;
				ENABLE_RESOURCE_ACCESS_PHOTO_LIBRARY = NO;
				ENABLE_RESOURCE_ACCESS_PRINTING = NO;
				ENABLE_RESOURCE_ACCESS_USB = NO;
				ENABLE_USER_SELECTED_FILES = readwrite;
				FRAMEWORK_SEARCH_PATHS = (
					"$(SRCROOT)/macos/Frameworks",
					"$(inherited)",
				);
				GCC_OPTIMIZATION_LEVEL = 0;
				GCC_STRICT_ALIASING = YES;
				GENERATE_INFOPLIST_FILE = YES;
				HEADER_SEARCH_PATHS = "$(SRCROOT)/myUpscaler/upscaler";
				INFOPLIST_FILE = myUpscaler/Info.plist;
				INFOPLIST_KEY_CFBundleDisplayName = MyUpscaler;
				INFOPLIST_KEY_LSApplicationCategoryType = "public.app-category.video";
				INFOPLIST_KEY_NSHumanReadableCopyright = "";
				LD_RUNPATH_SEARCH_PATHS = "@executable_path/../Frameworks";
				LIBRARY_SEARCH_PATHS = (
					"$(SRCROOT)/myUpscaler/lib/**",
					"$(PROJECT_DIR)/ThirdParty",
					"$(PROJECT_DIR)/lib",
					"$(PROJECT_DIR)/myUpscaler/lib",
					"$(PROJECT_DIR)/myUpscalerUITests/New\\ Folder/frameworks",
					"$(PROJECT_DIR)/myUpscalerUITests/New\\ Folder/frameworks",
					"$(PROJECT_DIR)/myUpscalerUITests/New\\ Folder/frameworks",
					"$(PROJECT_DIR)/myUpscalerUITests/New\\ Folder/frameworks",
					"$(PROJECT_DIR)/myUpscalerUITests/New\\ Folder/frameworks",
					"$(PROJECT_DIR)/myUpscalerUITests/New\\ Folder/frameworks",
					"$(PROJECT_DIR)/myUpscalerUITests/New\\ Folder/frameworks",
					"$(PROJECT_DIR)/myUpscalerUITests/New\\ Folder/frameworks",
					"$(PROJECT_DIR)/myUpscalerUITests/New\\ Folder/frameworks",
					"$(PROJECT_DIR)/myUpscalerUITests/New\\ Folder/frameworks",
					"$(PROJECT_DIR)/myUpscalerUITests/New\\ Folder/frameworks",
					"$(PROJECT_DIR)/myUpscalerUITests/New\\ Folder/frameworks",
					"$(PROJECT_DIR)/myUpscalerUITests/New\\ Folder/frameworks",
					"$(PROJECT_DIR)/myUpscalerUITests/New\\ Folder/frameworks",
					"$(PROJECT_DIR)/myUpscalerUITests/New\\ Folder/frameworks",
					"$(PROJECT_DIR)/myUpscalerUITests/New\\ Folder/frameworks",
					"$(PROJECT_DIR)/myUpscalerUITests/New\\ Folder/frameworks",
					"$(PROJECT_DIR)/myUpscalerUITests/New\\ Folder/frameworks",
					"$(PROJECT_DIR)/myUpscalerUITests/New\\ Folder/frameworks",
					"$(PROJECT_DIR)/myUpscalerUITests/New\\ Folder/frameworks",
					"$(PROJECT_DIR)/myUpscalerUITests/New\\ Folder/frameworks",
					"$(PROJECT_DIR)/New\\ Folder/frameworks",
					"$(PROJECT_DIR)/New\\ Folder/frameworks",
					"$(PROJECT_DIR)/New\\ Folder/frameworks",
					"$(PROJECT_DIR)/New\\ Folder/frameworks",
					"$(PROJECT_DIR)/New\\ Folder/frameworks",
					"$(PROJECT_DIR)/New\\ Folder/frameworks",
					"$(PROJECT_DIR)/New\\ Folder/frameworks",
					"$(PROJECT_DIR)/New\\ Folder/frameworks",
					"$(PROJECT_DIR)/New\\ Folder/frameworks",
					"$(PROJECT_DIR)/New\\ Folder/frameworks",
					"$(PROJECT_DIR)/New\\ Folder/frameworks",
					"$(PROJECT_DIR)/New\\ Folder/frameworks",
					"$(PROJECT_DIR)/New\\ Folder/frameworks",
					"$(PROJECT_DIR)/New\\ Folder/frameworks",
					"$(PROJECT_DIR)/New\\ Folder/frameworks",
					"$(PROJECT_DIR)/New\\ Folder/frameworks",
					"$(PROJECT_DIR)/New\\ Folder/frameworks",
					"$(PROJECT_DIR)/New\\ Folder/frameworks",
					"$(PROJECT_DIR)/New\\ Folder/frameworks",
					"$(PROJECT_DIR)/New\\ Folder/frameworks",
					"$(PROJECT_DIR)/New\\ Folder/frameworks",
					"$(PROJECT_DIR)/frameworks",
					"$(PROJECT_DIR)/myUpscaler/frameworks",
					"$(PROJECT_DIR)/myUpscaler/ThirdParty/lib",
					"$(PROJECT_DIR)/myUpscaler/ThirdParty/ffmpeg",
				);
				MACOSX_DEPLOYMENT_TARGET = 15.2;
				MARKETING_VERSION = 0.1;
				"MARKETING_VERSION[sdk=macosx*]" = 0.1;
				MTL_COMPILER_FLAGS = "-fcikernel";
				MTL_FAST_MATH = YES;
				OTHER_LDFLAGS = "";
				PRODUCT_BUNDLE_IDENTIFIER = Ashrox.myUpscaler;
				PRODUCT_NAME = "$(TARGET_NAME)";
				REGISTER_APP_GROUPS = YES;
				RUNTIME_EXCEPTION_ALLOW_DYLD_ENVIRONMENT_VARIABLES = NO;
				RUNTIME_EXCEPTION_ALLOW_JIT = NO;
				RUNTIME_EXCEPTION_ALLOW_UNSIGNED_EXECUTABLE_MEMORY = NO;
				RUNTIME_EXCEPTION_DEBUGGING_TOOL = NO;
				RUNTIME_EXCEPTION_DISABLE_EXECUTABLE_PAGE_PROTECTION = NO;
				RUNTIME_EXCEPTION_DISABLE_LIBRARY_VALIDATION = YES;
				STRING_CATALOG_GENERATE_SYMBOLS = YES;
				SWIFT_APPROACHABLE_CONCURRENCY = YES;
				SWIFT_DEFAULT_ACTOR_ISOLATION = MainActor;
				SWIFT_EMIT_LOC_STRINGS = YES;
				SWIFT_OBJC_BRIDGING_HEADER = myUpscaler/upscaler/Up60PBridging.h;
				SWIFT_OPTIMIZATION_LEVEL = "-Onone";
				SWIFT_UPCOMING_FEATURE_MEMBER_IMPORT_VISIBILITY = YES;
				SWIFT_VERSION = 5.0;
			};
			name = Debug;
		};
		5E23E5292ED9AB0C008298B2 /* Release */ = {
			isa = XCBuildConfiguration;
			buildSettings = {
				ALWAYS_SEARCH_USER_PATHS = NO;
				ASSETCATALOG_COMPILER_APPICON_NAME = AppIcon;
				"ASSETCATALOG_COMPILER_APPICON_NAME[sdk=macosx*]" = AppIcon;
				ASSETCATALOG_COMPILER_GLOBAL_ACCENT_COLOR_NAME = AccentColor;
				ASSETCATALOG_COMPILER_INCLUDE_ALL_APPICON_ASSETS = YES;
				CODE_SIGN_IDENTITY = "Developer ID Application";
				"CODE_SIGN_IDENTITY[sdk=macosx*]" = "Apple Development";
				CODE_SIGN_STYLE = Automatic;
				COMBINE_HIDPI_IMAGES = YES;
				CURRENT_PROJECT_VERSION = 2;
				DEVELOPMENT_ASSET_PATHS = "";
				DEVELOPMENT_TEAM = M48T7DC657;
				ENABLE_APP_SANDBOX = YES;
				ENABLE_FILE_ACCESS_DOWNLOADS_FOLDER = readwrite;
				ENABLE_FILE_ACCESS_MOVIES_FOLDER = readwrite;
				ENABLE_FILE_ACCESS_MUSIC_FOLDER = readwrite;
				ENABLE_FILE_ACCESS_PICTURE_FOLDER = readwrite;
				ENABLE_HARDENED_RUNTIME = YES;
				ENABLE_INCOMING_NETWORK_CONNECTIONS = NO;
				ENABLE_OUTGOING_NETWORK_CONNECTIONS = NO;
				ENABLE_PREVIEWS = YES;
				ENABLE_RESOURCE_ACCESS_AUDIO_INPUT = NO;
				ENABLE_RESOURCE_ACCESS_BLUETOOTH = NO;
				ENABLE_RESOURCE_ACCESS_CALENDARS = NO;
				ENABLE_RESOURCE_ACCESS_CAMERA = NO;
				ENABLE_RESOURCE_ACCESS_CONTACTS = NO;
				ENABLE_RESOURCE_ACCESS_LOCATION = NO;
				ENABLE_RESOURCE_ACCESS_PRINTING = NO;
				ENABLE_RESOURCE_ACCESS_USB = NO;
				ENABLE_USER_SELECTED_FILES = readwrite;
				FRAMEWORK_SEARCH_PATHS = (
					"$(SRCROOT)/macos/Frameworks",
					"$(inherited)",
				);
				GCC_OPTIMIZATION_LEVEL = 0;
				GCC_STRICT_ALIASING = YES;
				GENERATE_INFOPLIST_FILE = YES;
				HEADER_SEARCH_PATHS = "$(SRCROOT)/myUpscaler/upscaler";
				INFOPLIST_FILE = myUpscaler/Info.plist;
				INFOPLIST_KEY_CFBundleDisplayName = MyUpscaler;
				INFOPLIST_KEY_LSApplicationCategoryType = "public.app-category.video";
				INFOPLIST_KEY_NSHumanReadableCopyright = "";
				LD_RUNPATH_SEARCH_PATHS = "@executable_path/../Frameworks";
				LIBRARY_SEARCH_PATHS = (
					"$(SRCROOT)/myUpscaler/lib/**",
					"$(PROJECT_DIR)/ThirdParty",
					"$(PROJECT_DIR)/lib",
					"$(PROJECT_DIR)/myUpscaler/lib",
					"$(PROJECT_DIR)/myUpscalerUITests/New\\ Folder/frameworks",
					"$(PROJECT_DIR)/myUpscalerUITests/New\\ Folder/frameworks",
					"$(PROJECT_DIR)/myUpscalerUITests/New\\ Folder/frameworks",
					"$(PROJECT_DIR)/myUpscalerUITests/New\\ Folder/frameworks",
					"$(PROJECT_DIR)/myUpscalerUITests/New\\ Folder/frameworks",
					"$(PROJECT_DIR)/myUpscalerUITests/New\\ Folder/frameworks",
					"$(PROJECT_DIR)/myUpscalerUITests/New\\ Folder/frameworks",
					"$(PROJECT_DIR)/myUpscalerUITests/New\\ Folder/frameworks",
					"$(PROJECT_DIR)/myUpscalerUITests/New\\ Folder/frameworks",
					"$(PROJECT_DIR)/myUpscalerUITests/New\\ Folder/frameworks",
					"$(PROJECT_DIR)/myUpscalerUITests/New\\ Folder/frameworks",
					"$(PROJECT_DIR)/myUpscalerUITests/New\\ Folder/frameworks",
					"$(PROJECT_DIR)/myUpscalerUITests/New\\ Folder/frameworks",
					"$(PROJECT_DIR)/myUpscalerUITests/New\\ Folder/frameworks",
					"$(PROJECT_DIR)/myUpscalerUITests/New\\ Folder/frameworks",
					"$(PROJECT_DIR)/myUpscalerUITests/New\\ Folder/frameworks",
					"$(PROJECT_DIR)/myUpscalerUITests/New\\ Folder/frameworks",
					"$(PROJECT_DIR)/myUpscalerUITests/New\\ Folder/frameworks",
					"$(PROJECT_DIR)/myUpscalerUITests/New\\ Folder/frameworks",
					"$(PROJECT_DIR)/myUpscalerUITests/New\\ Folder/frameworks",
					"$(PROJECT_DIR)/myUpscalerUITests/New\\ Folder/frameworks",
					"$(PROJECT_DIR)/New\\ Folder/frameworks",
					"$(PROJECT_DIR)/New\\ Folder/frameworks",
					"$(PROJECT_DIR)/New\\ Folder/frameworks",
					"$(PROJECT_DIR)/New\\ Folder/frameworks",
					"$(PROJECT_DIR)/New\\ Folder/frameworks",
					"$(PROJECT_DIR)/New\\ Folder/frameworks",
					"$(PROJECT_DIR)/New\\ Folder/frameworks",
					"$(PROJECT_DIR)/New\\ Folder/frameworks",
					"$(PROJECT_DIR)/New\\ Folder/frameworks",
					"$(PROJECT_DIR)/New\\ Folder/frameworks",
					"$(PROJECT_DIR)/New\\ Folder/frameworks",
					"$(PROJECT_DIR)/New\\ Folder/frameworks",
					"$(PROJECT_DIR)/New\\ Folder/frameworks",
					"$(PROJECT_DIR)/New\\ Folder/frameworks",
					"$(PROJECT_DIR)/New\\ Folder/frameworks",
					"$(PROJECT_DIR)/New\\ Folder/frameworks",
					"$(PROJECT_DIR)/New\\ Folder/frameworks",
					"$(PROJECT_DIR)/New\\ Folder/frameworks",
					"$(PROJECT_DIR)/New\\ Folder/frameworks",
					"$(PROJECT_DIR)/New\\ Folder/frameworks",
					"$(PROJECT_DIR)/New\\ Folder/frameworks",
					"$(PROJECT_DIR)/frameworks",
					"$(PROJECT_DIR)/myUpscaler/frameworks",
					"$(PROJECT_DIR)/myUpscaler/ThirdParty/lib",
					"$(PROJECT_DIR)/myUpscaler/ThirdParty/ffmpeg",
				);
				MACOSX_DEPLOYMENT_TARGET = 15.2;
				MARKETING_VERSION = 0.1;
				MTL_COMPILER_FLAGS = "-fcikernel";
				MTL_FAST_MATH = YES;
				OTHER_LDFLAGS = "";
				PRODUCT_BUNDLE_IDENTIFIER = Ashrox.myUpscaler;
				PRODUCT_NAME = "$(TARGET_NAME)";
				REGISTER_APP_GROUPS = YES;
				RUNTIME_EXCEPTION_ALLOW_DYLD_ENVIRONMENT_VARIABLES = NO;
				RUNTIME_EXCEPTION_DISABLE_LIBRARY_VALIDATION = YES;
				STRING_CATALOG_GENERATE_SYMBOLS = YES;
				SWIFT_APPROACHABLE_CONCURRENCY = YES;
				SWIFT_DEFAULT_ACTOR_ISOLATION = MainActor;
				SWIFT_EMIT_LOC_STRINGS = YES;
				SWIFT_OBJC_BRIDGING_HEADER = myUpscaler/upscaler/Up60PBridging.h;
				SWIFT_OPTIMIZATION_LEVEL = "-Onone";
				SWIFT_UPCOMING_FEATURE_MEMBER_IMPORT_VISIBILITY = YES;
				SWIFT_VERSION = 5.0;
			};
			name = Release;
		};
/* End XCBuildConfiguration section */

/* Begin XCConfigurationList section */
		5E23E5012ED9AB0B008298B2 /* Build configuration list for PBXProject "myUpscaler" */ = {
			isa = XCConfigurationList;
			buildConfigurations = (
				5E23E5252ED9AB0C008298B2 /* Debug */,
				5E23E5262ED9AB0C008298B2 /* Release */,
			);
			defaultConfigurationIsVisible = 0;
			defaultConfigurationName = Release;
		};
		5E23E5272ED9AB0C008298B2 /* Build configuration list for PBXNativeTarget "myUpscaler" */ = {
			isa = XCConfigurationList;
			buildConfigurations = (
				5E23E5282ED9AB0C008298B2 /* Debug */,
				5E23E5292ED9AB0C008298B2 /* Release */,
			);
			defaultConfigurationIsVisible = 0;
			defaultConfigurationName = Release;
		};
/* End XCConfigurationList section */
	};
	rootObject = 5E23E4FE2ED9AB0B008298B2 /* Project object */;
}
